
Microsoft Visual Studio Solution File, Format Version 12.00
# Visual Studio Version 17
VisualStudioVersion = 17.5.002.0
MinimumVisualStudioVersion = 10.0.40219.1
Project("{FAE04EC0-301F-11D3-BF4B-00C04F79EFBC}") = "TokerAPI", "TokerAPI\TokerAPI.csproj", "{7B8B2AA4-686E-4C89-8149-1D172144F54D}"
EndProject
Project("{2150E333-8FDC-42A3-9474-1A3956D46DE8}") = "TestProjects", "TestProjects", "{31AF870A-8821-4B9D-9134-69C9E4A0E060}"
EndProject
Project("{FAE04EC0-301F-11D3-BF4B-00C04F79EFBC}") = "TokerAPITests", "TestProjects\TokerAPITests\TokerAPITests.csproj", "{B69D006D-790D-474F-8932-13C45CC09FD7}"
EndProject
Global
	GlobalSection(SolutionConfigurationPlatforms) = preSolution
		Debug|Any CPU = Debug|Any CPU
		Release|Any CPU = Release|Any CPU
	EndGlobalSection
	GlobalSection(ProjectConfigurationPlatforms) = postSolution
		{7B8B2AA4-686E-4C89-8149-1D172144F54D}.Debug|Any CPU.ActiveCfg = Debug|Any CPU
		{7B8B2AA4-686E-4C89-8149-1D172144F54D}.Debug|Any CPU.Build.0 = Debug|Any CPU
		{7B8B2AA4-686E-4C89-8149-1D172144F54D}.Release|Any CPU.ActiveCfg = Release|Any CPU
		{7B8B2AA4-686E-4C89-8149-1D172144F54D}.Release|Any CPU.Build.0 = Release|Any CPU
		{B69D006D-790D-474F-8932-13C45CC09FD7}.Debug|Any CPU.ActiveCfg = Debug|Any CPU
		{B69D006D-790D-474F-8932-13C45CC09FD7}.Debug|Any CPU.Build.0 = Debug|Any CPU
		{B69D006D-790D-474F-8932-13C45CC09FD7}.Release|Any CPU.ActiveCfg = Release|Any CPU
		{B69D006D-790D-474F-8932-13C45CC09FD7}.Release|Any CPU.Build.0 = Release|Any CPU
	EndGlobalSection
	GlobalSection(SolutionProperties) = preSolution
		HideSolutionNode = FALSE
	EndGlobalSection
	GlobalSection(ExtensibilityGlobals) = postSolution
		SolutionGuid = {B50B6EE4-B255-4A2F-84B9-D92447008B32}
	EndGlobalSection
	GlobalSection(NestedProjects) = preSolution
		{B69D006D-790D-474F-8932-13C45CC09FD7} = {31AF870A-8821-4B9D-9134-69C9E4A0E060}
	EndGlobalSection
EndGlobal
